// !$*UTF8*$!
{
	archiveVersion = 1;
	classes = {
	};
	objectVersion = 46;
	objects = {

/* Begin PBXBuildFile section */
		F1A6ED381BCF40F800452432 /* AppDelegate.swift in Sources */ = {isa = PBXBuildFile; fileRef = F1A6ED371BCF40F800452432 /* AppDelegate.swift */; };
		F1A6ED3A1BCF40F800452432 /* ViewController.swift in Sources */ = {isa = PBXBuildFile; fileRef = F1A6ED391BCF40F800452432 /* ViewController.swift */; };
		F1A6ED3D1BCF40F800452432 /* Main.storyboard in Resources */ = {isa = PBXBuildFile; fileRef = F1A6ED3B1BCF40F800452432 /* Main.storyboard */; };
		F1A6ED3F1BCF40F800452432 /* Assets.xcassets in Resources */ = {isa = PBXBuildFile; fileRef = F1A6ED3E1BCF40F800452432 /* Assets.xcassets */; };
		F1A6ED421BCF40F800452432 /* LaunchScreen.storyboard in Resources */ = {isa = PBXBuildFile; fileRef = F1A6ED401BCF40F800452432 /* LaunchScreen.storyboard */; };
/* End PBXBuildFile section */

/* Begin PBXFileReference section */
		F1A6ED341BCF40F800452432 /* Tindeeer.app */ = {isa = PBXFileReference; explicitFileType = wrapper.application; includeInIndex = 0; path = Tindeeer.app; sourceTree = BUILT_PRODUCTS_DIR; };
		F1A6ED371BCF40F800452432 /* AppDelegate.swift */ = {isa = PBXFileReference; lastKnownFileType = sourcecode.swift; path = AppDelegate.swift; sourceTree = "<group>"; };
		F1A6ED391BCF40F800452432 /* ViewController.swift */ = {isa = PBXFileReference; lastKnownFileType = sourcecode.swift; path = ViewController.swift; sourceTree = "<group>"; };
		F1A6ED3C1BCF40F800452432 /* Base */ = {isa = PBXFileReference; lastKnownFileType = file.storyboard; name = Base; path = Base.lproj/Main.storyboard; sourceTree = "<group>"; };
		F1A6ED3E1BCF40F800452432 /* Assets.xcassets */ = {isa = PBXFileReference; lastKnownFileType = folder.assetcatalog; path = Assets.xcassets; sourceTree = "<group>"; };
		F1A6ED411BCF40F800452432 /* Base */ = {isa = PBXFileReference; lastKnownFileType = file.storyboard; name = Base; path = Base.lproj/LaunchScreen.storyboard; sourceTree = "<group>"; };
		F1A6ED431BCF40F800452432 /* Info.plist */ = {isa = PBXFileReference; lastKnownFileType = text.plist.xml; path = Info.plist; sourceTree = "<group>"; };
/* End PBXFileReference section */

/* Begin PBXFrameworksBuildPhase section */
		F1A6ED311BCF40F800452432 /* Frameworks */ = {
			isa = PBXFrameworksBuildPhase;
			buildActionMask = 2147483647;
			files = (
			);
			runOnlyForDeploymentPostprocessing = 0;
		};
/* End PBXFrameworksBuildPhase section */

/* Begin PBXGroup section */
		F1A6ED2B1BCF40F800452432 = {
			isa = PBXGroup;
			children = (
				F1A6ED361BCF40F800452432 /* Tindeeer */,
				F1A6ED351BCF40F800452432 /* Products */,
			);
			sourceTree = "<group>";
		};
		F1A6ED351BCF40F800452432 /* Products */ = {
			isa = PBXGroup;
			children = (
				F1A6ED341BCF40F800452432 /* Tindeeer.app */,
			);
			name = Products;
			sourceTree = "<group>";
		};
		F1A6ED361BCF40F800452432 /* Tindeeer */ = {
			isa = PBXGroup;
			children = (
				F1A6ED371BCF40F800452432 /* AppDelegate.swift */,
				F1A6ED391BCF40F800452432 /* ViewController.swift */,
				F1A6ED3B1BCF40F800452432 /* Main.storyboard */,
				F1A6ED3E1BCF40F800452432 /* Assets.xcassets */,
				F1A6ED401BCF40F800452432 /* LaunchScreen.storyboard */,
				F1A6ED431BCF40F800452432 /* Info.plist */,
			);
			path = Tindeeer;
			sourceTree = "<group>";
		};
/* End PBXGroup section */

/* Begin PBXNativeTarget section */
		F1A6ED331BCF40F800452432 /* Tindeeer */ = {
			isa = PBXNativeTarget;
			buildConfigurationList = F1A6ED461BCF40F800452432 /* Build configuration list for PBXNativeTarget "Tindeeer" */;
			buildPhases = (
				F1A6ED301BCF40F800452432 /* Sources */,
				F1A6ED311BCF40F800452432 /* Frameworks */,
				F1A6ED321BCF40F800452432 /* Resources */,
			);
			buildRules = (
			);
			dependencies = (
			);
			name = Tindeeer;
			productName = Tindeeer;
			productReference = F1A6ED341BCF40F800452432 /* Tindeeer.app */;
			productType = "com.apple.product-type.application";
		};
/* End PBXNativeTarget section */

/* Begin PBXProject section */
		F1A6ED2C1BCF40F800452432 /* Project object */ = {
			isa = PBXProject;
			attributes = {
				LastUpgradeCheck = 0700;
				ORGANIZATIONNAME = "Vicki Grospe";
				TargetAttributes = {
					F1A6ED331BCF40F800452432 = {
						CreatedOnToolsVersion = 7.0;
						DevelopmentTeam = 57X5483YWV;
					};
				};
			};
			buildConfigurationList = F1A6ED2F1BCF40F800452432 /* Build configuration list for PBXProject "Tindeeer" */;
			compatibilityVersion = "Xcode 3.2";
			developmentRegion = English;
			hasScannedForEncodings = 0;
			knownRegions = (
				en,
				Base,
			);
			mainGroup = F1A6ED2B1BCF40F800452432;
			productRefGroup = F1A6ED351BCF40F800452432 /* Products */;
			projectDirPath = "";
			projectRoot = "";
			targets = (
				F1A6ED331BCF40F800452432 /* Tindeeer */,
			);
		};
/* End PBXProject section */

/* Begin PBXResourcesBuildPhase section */
		F1A6ED321BCF40F800452432 /* Resources */ = {
			isa = PBXResourcesBuildPhase;
			buildActionMask = 2147483647;
			files = (
				F1A6ED421BCF40F800452432 /* LaunchScreen.storyboard in Resources */,
				F1A6ED3F1BCF40F800452432 /* Assets.xcassets in Resources */,
				F1A6ED3D1BCF40F800452432 /* Main.storyboard in Resources */,
			);
			runOnlyForDeploymentPostprocessing = 0;
		};
/* End PBXResourcesBuildPhase section */

/* Begin PBXSourcesBuildPhase section */
		F1A6ED301BCF40F800452432 /* Sources */ = {
			isa = PBXSourcesBuildPhase;
			buildActionMask = 2147483647;
			files = (
				F1A6ED3A1BCF40F800452432 /* ViewController.swift in Sources */,
				F1A6ED381BCF40F800452432 /* AppDelegate.swift in Sources */,
			);
			runOnlyForDeploymentPostprocessing = 0;
		};
/* End PBXSourcesBuildPhase section */

/* Begin PBXVariantGroup section */
		F1A6ED3B1BCF40F800452432 /* Main.storyboard */ = {
			isa = PBXVariantGroup;
			children = (
				F1A6ED3C1BCF40F800452432 /* Base */,
			);
			name = Main.storyboard;
			sourceTree = "<group>";
		};
		F1A6ED401BCF40F800452432 /* LaunchScreen.storyboard */ = {
			isa = PBXVariantGroup;
			children = (
				F1A6ED411BCF40F800452432 /* Base */,
			);
			name = LaunchScreen.storyboard;
			sourceTree = "<group>";
		};
/* End PBXVariantGroup section */

/* Begin XCBuildConfiguration section */
		F1A6ED441BCF40F800452432 /* Debug */ = {
			isa = XCBuildConfiguration;
			buildSettings = {
				ALWAYS_SEARCH_USER_PATHS = NO;
				CLANG_CXX_LANGUAGE_STANDARD = "gnu++0x";
				CLANG_CXX_LIBRARY = "libc++";
				CLANG_ENABLE_MODULES = YES;
				CLANG_ENABLE_OBJC_ARC = YES;
				CLANG_WARN_BOOL_CONVERSION = YES;
				CLANG_WARN_CONSTANT_CONVERSION = YES;
				CLANG_WARN_DIRECT_OBJC_ISA_USAGE = YES_ERROR;
				CLANG_WARN_EMPTY_BODY = YES;
				CLANG_WARN_ENUM_CONVERSION = YES;
				CLANG_WARN_INT_CONVERSION = YES;
				CLANG_WARN_OBJC_ROOT_CLASS = YES_ERROR;
				CLANG_WARN_UNREACHABLE_CODE = YES;
				CLANG_WARN__DUPLICATE_METHOD_MATCH = YES;
				"CODE_SIGN_IDENTITY[sdk=iphoneos*]" = "iPhone Developer";
				COPY_PHASE_STRIP = NO;
				DEBUG_INFORMATION_FORMAT = dwarf;
				ENABLE_STRICT_OBJC_MSGSEND = YES;
				ENABLE_TESTABILITY = YES;
				GCC_C_LANGUAGE_STANDARD = gnu99;
				GCC_DYNAMIC_NO_PIC = NO;
				GCC_NO_COMMON_BLOCKS = YES;
				GCC_OPTIMIZATION_LEVEL = 0;
				GCC_PREPROCESSOR_DEFINITIONS = (
					"DEBUG=1",
					"$(inherited)",
				);
				GCC_WARN_64_TO_32_BIT_CONVERSION = YES;
				GCC_WARN_ABOUT_RETURN_TYPE = YES_ERROR;
				GCC_WARN_UNDECLARED_SELECTOR = YES;
				GCC_WARN_UNINITIALIZED_AUTOS = YES_AGGRESSIVE;
				GCC_WARN_UNUSED_FUNCTION = YES;
				GCC_WARN_UNUSED_VARIABLE = YES;
				IPHONEOS_DEPLOYMENT_TARGET = 9.0;
				MTL_ENABLE_DEBUG_INFO = YES;
				ONLY_ACTIVE_ARCH = YES;
				SDKROOT = iphoneos;
				SWIFT_OPTIMIZATION_LEVEL = "-Onone";
				TARGETED_DEVICE_FAMILY = "1,2";
			};
			name = Debug;
		};
		F1A6ED451BCF40F800452432 /* Release */ = {
			isa = XCBuildConfiguration;
			buildSettings = {
				ALWAYS_SEARCH_USER_PATHS = NO;
				CLANG_CXX_LANGUAGE_STANDARD = "gnu++0x";
				CLANG_CXX_LIBRARY = "libc++";
				CLANG_ENABLE_MODULES = YES;
				CLANG_ENABLE_OBJC_ARC = YES;
				CLANG_WARN_BOOL_CONVERSION = YES;
				CLANG_WARN_CONSTANT_CONVERSION = YES;
				CLANG_WARN_DIRECT_OBJC_ISA_USAGE = YES_ERROR;
				CLANG_WARN_EMPTY_BODY = YES;
				CLANG_WARN_ENUM_CONVERSION = YES;
				CLANG_WARN_INT_CONVERSION = YES;
				CLANG_WARN_OBJC_ROOT_CLASS = YES_ERROR;
				CLANG_WARN_UNREACHABLE_CODE = YES;
				CLANG_WARN__DUPLICATE_METHOD_MATCH = YES;
				"CODE_SIGN_IDENTITY[sdk=iphoneos*]" = "iPhone Developer";
				COPY_PHASE_STRIP = NO;
				DEBUG_INFORMATION_FORMAT = "dwarf-with-dsym";
				ENABLE_NS_ASSERTIONS = NO;
				ENABLE_STRICT_OBJC_MSGSEND = YES;
				GCC_C_LANGUAGE_STANDARD = gnu99;
				GCC_NO_COMMON_BLOCKS = YES;
				GCC_WARN_64_TO_32_BIT_CONVERSION = YES;
				GCC_WARN_ABOUT_RETURN_TYPE = YES_ERROR;
				GCC_WARN_UNDECLARED_SELECTOR = YES;
				GCC_WARN_UNINITIALIZED_AUTOS = YES_AGGRESSIVE;
				GCC_WARN_UNUSED_FUNCTION = YES;
				GCC_WARN_UNUSED_VARIABLE = YES;
				IPHONEOS_DEPLOYMENT_TARGET = 9.0;
				MTL_ENABLE_DEBUG_INFO = NO;
				SDKROOT = iphoneos;
				TARGETED_DEVICE_FAMILY = "1,2";
				VALIDATE_PRODUCT = YES;
			};
			name = Release;
		};
		F1A6ED471BCF40F800452432 /* Debug */ = {
			isa = XCBuildConfiguration;
			buildSettings = {
				ASSETCATALOG_COMPILER_APPICON_NAME = AppIcon;
				INFOPLIST_FILE = Tindeeer/Info.plist;
				LD_RUNPATH_SEARCH_PATHS = "$(inherited) @executable_path/Frameworks";
				PRODUCT_BUNDLE_IDENTIFIER = com.codepath.Tindeeer;
				PRODUCT_NAME = "$(TARGET_NAME)";
			};
			name = Debug;
		};
		F1A6ED481BCF40F800452432 /* Release */ = {
			isa = XCBuildConfiguration;
			buildSettings = {
				ASSETCATALOG_COMPILER_APPICON_NAME = AppIcon;
				INFOPLIST_FILE = Tindeeer/Info.plist;
				LD_RUNPATH_SEARCH_PATHS = "$(inherited) @executable_path/Frameworks";
				PRODUCT_BUNDLE_IDENTIFIER = com.codepath.Tindeeer;
				PRODUCT_NAME = "$(TARGET_NAME)";
			};
			name = Release;
		};
/* End XCBuildConfiguration section */

/* Begin XCConfigurationList section */
		F1A6ED2F1BCF40F800452432 /* Build configuration list for PBXProject "Tindeeer" */ = {
			isa = XCConfigurationList;
			buildConfigurations = (
				F1A6ED441BCF40F800452432 /* Debug */,
				F1A6ED451BCF40F800452432 /* Release */,
			);
			defaultConfigurationIsVisible = 0;
			defaultConfigurationName = Release;
		};
		F1A6ED461BCF40F800452432 /* Build configuration list for PBXNativeTarget "Tindeeer" */ = {
			isa = XCConfigurationList;
			buildConfigurations = (
				F1A6ED471BCF40F800452432 /* Debug */,
				F1A6ED481BCF40F800452432 /* Release */,
			);
			defaultConfigurationIsVisible = 0;
		};
/* End XCConfigurationList section */
	};
	rootObject = F1A6ED2C1BCF40F800452432 /* Project object */;
}
